
Microsoft Visual Studio Solution File, Format Version 12.00
# Visual Studio Version 16
VisualStudioVersion = 16.0.31410.357
MinimumVisualStudioVersion = 10.0.40219.1
Project("{2150E333-8FDC-42A3-9474-1A3956D46DE8}") = "src", "src", "{FA4063E6-58D6-4A4E-95CD-ACBD4BEA0786}"
EndProject
Project("{FAE04EC0-301F-11D3-BF4B-00C04F79EFBC}") = "WebApi", "src\WebApi\WebApi.csproj", "{C924FC84-4F88-4E86-9FA8-CC86C898B44E}"
EndProject
Global
	GlobalSection(SolutionConfigurationPlatforms) = preSolution
		Debug|Any CPU = Debug|Any CPU
		Release|Any CPU = Release|Any CPU
	EndGlobalSection
	GlobalSection(ProjectConfigurationPlatforms) = postSolution
		{C924FC84-4F88-4E86-9FA8-CC86C898B44E}.Debug|Any CPU.ActiveCfg = Debug|Any CPU
		{C924FC84-4F88-4E86-9FA8-CC86C898B44E}.Debug|Any CPU.Build.0 = Debug|Any CPU
		{C924FC84-4F88-4E86-9FA8-CC86C898B44E}.Release|Any CPU.ActiveCfg = Release|Any CPU
		{C924FC84-4F88-4E86-9FA8-CC86C898B44E}.Release|Any CPU.Build.0 = Release|Any CPU
	EndGlobalSection
	GlobalSection(SolutionProperties) = preSolution
		HideSolutionNode = FALSE
	EndGlobalSection
	GlobalSection(NestedProjects) = preSolution
		{C924FC84-4F88-4E86-9FA8-CC86C898B44E} = {FA4063E6-58D6-4A4E-95CD-ACBD4BEA0786}
	EndGlobalSection
	GlobalSection(ExtensibilityGlobals) = postSolution
		SolutionGuid = {F4AFAA5E-5A49-4CF1-BBF1-66CEAB783816}
	EndGlobalSection
EndGlobal
